# This file is automatically @generated by Cargo.
# It is not intended for manual editing.
version = 3

[[package]]
name = "StellarStore"
version = "0.1.0"
dependencies = [
 "iota",
 "log",
 "uuid",
]

[[package]]
name = "iota"
version = "0.2.3"
source = "registry+https://github.com/rust-lang/crates.io-index"
checksum = "680dd6d5502d25bf20a63b093da51b1b2663099dcd7b0fd450cc9e88c9465d4f"

[[package]]
name = "log"
version = "0.4.20"
source = "registry+https://github.com/rust-lang/crates.io-index"
checksum = "b5e6163cb8c49088c2c36f57875e58ccd8c87c7427f7fbd50ea6710b2f3f2e8f"

[[package]]
name = "uuid"
version = "1.7.0"
source = "registry+https://github.com/rust-lang/crates.io-index"
checksum = "f00cc9702ca12d3c81455259621e676d0f7251cec66a21e98fe2e9a37db93b2a"
